
Microsoft Visual Studio Solution File, Format Version 12.00
# Visual Studio Version 17
VisualStudioVersion = 17.2.32630.192
MinimumVisualStudioVersion = 10.0.40219.1
Project("{8BC9CEB8-8B4A-11D0-8D11-00A0C91BC942}") = "hw_set_unorderset", "hw_set_unorderset\hw_set_unorderset.vcxproj", "{7C19567C-6E58-44F8-88DE-0760DB38C809}"
EndProject
Global
	GlobalSection(SolutionConfigurationPlatforms) = preSolution
		Debug|x64 = Debug|x64
		Debug|x86 = Debug|x86
		Release|x64 = Release|x64
		Release|x86 = Release|x86
	EndGlobalSection
	GlobalSection(ProjectConfigurationPlatforms) = postSolution
		{7C19567C-6E58-44F8-88DE-0760DB38C809}.Debug|x64.ActiveCfg = Debug|x64
		{7C19567C-6E58-44F8-88DE-0760DB38C809}.Debug|x64.Build.0 = Debug|x64
		{7C19567C-6E58-44F8-88DE-0760DB38C809}.Debug|x86.ActiveCfg = Debug|Win32
		{7C19567C-6E58-44F8-88DE-0760DB38C809}.Debug|x86.Build.0 = Debug|Win32
		{7C19567C-6E58-44F8-88DE-0760DB38C809}.Release|x64.ActiveCfg = Release|x64
		{7C19567C-6E58-44F8-88DE-0760DB38C809}.Release|x64.Build.0 = Release|x64
		{7C19567C-6E58-44F8-88DE-0760DB38C809}.Release|x86.ActiveCfg = Release|Win32
		{7C19567C-6E58-44F8-88DE-0760DB38C809}.Release|x86.Build.0 = Release|Win32
	EndGlobalSection
	GlobalSection(SolutionProperties) = preSolution
		HideSolutionNode = FALSE
	EndGlobalSection
	GlobalSection(ExtensibilityGlobals) = postSolution
		SolutionGuid = {A673FFD9-801F-4F3A-87DD-8941C244FC6A}
	EndGlobalSection
EndGlobal
